// !$*UTF8*$!
{
	archiveVersion = 1;
	classes = {
	};
	objectVersion = 56;
	objects = {

/* Begin PBXBuildFile section */
		BB66B87E2AF03F4A00840E90 /* MiniChallenge4App.swift in Sources */ = {isa = PBXBuildFile; fileRef = BB66B87D2AF03F4A00840E90 /* MiniChallenge4App.swift */; };
		BB66B8802AF03F4A00840E90 /* ContentView.swift in Sources */ = {isa = PBXBuildFile; fileRef = BB66B87F2AF03F4A00840E90 /* ContentView.swift */; };
		BB66B8822AF03F4B00840E90 /* Assets.xcassets in Resources */ = {isa = PBXBuildFile; fileRef = BB66B8812AF03F4B00840E90 /* Assets.xcassets */; };
		BB66B8852AF03F4B00840E90 /* Preview Assets.xcassets in Resources */ = {isa = PBXBuildFile; fileRef = BB66B8842AF03F4B00840E90 /* Preview Assets.xcassets */; };
		BB66B88F2AF03F4B00840E90 /* MiniChallenge4Tests.swift in Sources */ = {isa = PBXBuildFile; fileRef = BB66B88E2AF03F4B00840E90 /* MiniChallenge4Tests.swift */; };
		BB66B8992AF03F4B00840E90 /* MiniChallenge4UITests.swift in Sources */ = {isa = PBXBuildFile; fileRef = BB66B8982AF03F4B00840E90 /* MiniChallenge4UITests.swift */; };
		BB66B89B2AF03F4B00840E90 /* MiniChallenge4UITestsLaunchTests.swift in Sources */ = {isa = PBXBuildFile; fileRef = BB66B89A2AF03F4B00840E90 /* MiniChallenge4UITestsLaunchTests.swift */; };
		BB66B8C62AF1BC5500840E90 /* SenacPlaceModel.swift in Sources */ = {isa = PBXBuildFile; fileRef = BB66B8C52AF1BC5500840E90 /* SenacPlaceModel.swift */; };
		BB66B8C82AF1BC5C00840E90 /* WardModel.swift in Sources */ = {isa = PBXBuildFile; fileRef = BB66B8C72AF1BC5C00840E90 /* WardModel.swift */; };
		BB66B8CA2AF1BC6300840E90 /* ClassroomModel.swift in Sources */ = {isa = PBXBuildFile; fileRef = BB66B8C92AF1BC6300840E90 /* ClassroomModel.swift */; };
		BB66B8CC2AF1BD0C00840E90 /* SenacMapViewModel.swift in Sources */ = {isa = PBXBuildFile; fileRef = BB66B8CB2AF1BD0C00840E90 /* SenacMapViewModel.swift */; };
		BB66B8D02AF1BF2C00840E90 /* senac_map.json in Resources */ = {isa = PBXBuildFile; fileRef = BB66B8CF2AF1BF2C00840E90 /* senac_map.json */; };
/* End PBXBuildFile section */

/* Begin PBXContainerItemProxy section */
		BB66B88B2AF03F4B00840E90 /* PBXContainerItemProxy */ = {
			isa = PBXContainerItemProxy;
			containerPortal = BB66B8722AF03F4A00840E90 /* Project object */;
			proxyType = 1;
			remoteGlobalIDString = BB66B8792AF03F4A00840E90;
			remoteInfo = MiniChallenge4;
		};
		BB66B8952AF03F4B00840E90 /* PBXContainerItemProxy */ = {
			isa = PBXContainerItemProxy;
			containerPortal = BB66B8722AF03F4A00840E90 /* Project object */;
			proxyType = 1;
			remoteGlobalIDString = BB66B8792AF03F4A00840E90;
			remoteInfo = MiniChallenge4;
		};
/* End PBXContainerItemProxy section */

/* Begin PBXFileReference section */
		BB66B87A2AF03F4A00840E90 /* MiniChallenge4.app */ = {isa = PBXFileReference; explicitFileType = wrapper.application; includeInIndex = 0; path = MiniChallenge4.app; sourceTree = BUILT_PRODUCTS_DIR; };
		BB66B87D2AF03F4A00840E90 /* MiniChallenge4App.swift */ = {isa = PBXFileReference; lastKnownFileType = sourcecode.swift; path = MiniChallenge4App.swift; sourceTree = "<group>"; };
		BB66B87F2AF03F4A00840E90 /* ContentView.swift */ = {isa = PBXFileReference; lastKnownFileType = sourcecode.swift; path = ContentView.swift; sourceTree = "<group>"; };
		BB66B8812AF03F4B00840E90 /* Assets.xcassets */ = {isa = PBXFileReference; lastKnownFileType = folder.assetcatalog; path = Assets.xcassets; sourceTree = "<group>"; };
		BB66B8842AF03F4B00840E90 /* Preview Assets.xcassets */ = {isa = PBXFileReference; lastKnownFileType = folder.assetcatalog; path = "Preview Assets.xcassets"; sourceTree = "<group>"; };
		BB66B88A2AF03F4B00840E90 /* MiniChallenge4Tests.xctest */ = {isa = PBXFileReference; explicitFileType = wrapper.cfbundle; includeInIndex = 0; path = MiniChallenge4Tests.xctest; sourceTree = BUILT_PRODUCTS_DIR; };
		BB66B88E2AF03F4B00840E90 /* MiniChallenge4Tests.swift */ = {isa = PBXFileReference; lastKnownFileType = sourcecode.swift; path = MiniChallenge4Tests.swift; sourceTree = "<group>"; };
		BB66B8942AF03F4B00840E90 /* MiniChallenge4UITests.xctest */ = {isa = PBXFileReference; explicitFileType = wrapper.cfbundle; includeInIndex = 0; path = MiniChallenge4UITests.xctest; sourceTree = BUILT_PRODUCTS_DIR; };
		BB66B8982AF03F4B00840E90 /* MiniChallenge4UITests.swift */ = {isa = PBXFileReference; lastKnownFileType = sourcecode.swift; path = MiniChallenge4UITests.swift; sourceTree = "<group>"; };
		BB66B89A2AF03F4B00840E90 /* MiniChallenge4UITestsLaunchTests.swift */ = {isa = PBXFileReference; lastKnownFileType = sourcecode.swift; path = MiniChallenge4UITestsLaunchTests.swift; sourceTree = "<group>"; };
		BB66B8C52AF1BC5500840E90 /* SenacPlaceModel.swift */ = {isa = PBXFileReference; lastKnownFileType = sourcecode.swift; path = SenacPlaceModel.swift; sourceTree = "<group>"; };
		BB66B8C72AF1BC5C00840E90 /* WardModel.swift */ = {isa = PBXFileReference; lastKnownFileType = sourcecode.swift; path = WardModel.swift; sourceTree = "<group>"; };
		BB66B8C92AF1BC6300840E90 /* ClassroomModel.swift */ = {isa = PBXFileReference; lastKnownFileType = sourcecode.swift; path = ClassroomModel.swift; sourceTree = "<group>"; };
		BB66B8CB2AF1BD0C00840E90 /* SenacMapViewModel.swift */ = {isa = PBXFileReference; lastKnownFileType = sourcecode.swift; path = SenacMapViewModel.swift; sourceTree = "<group>"; };
		BB66B8CF2AF1BF2C00840E90 /* senac_map.json */ = {isa = PBXFileReference; fileEncoding = 4; lastKnownFileType = text.json; path = senac_map.json; sourceTree = "<group>"; };
/* End PBXFileReference section */

/* Begin PBXFrameworksBuildPhase section */
		BB66B8772AF03F4A00840E90 /* Frameworks */ = {
			isa = PBXFrameworksBuildPhase;
			buildActionMask = 2147483647;
			files = (
			);
			runOnlyForDeploymentPostprocessing = 0;
		};
		BB66B8872AF03F4B00840E90 /* Frameworks */ = {
			isa = PBXFrameworksBuildPhase;
			buildActionMask = 2147483647;
			files = (
			);
			runOnlyForDeploymentPostprocessing = 0;
		};
		BB66B8912AF03F4B00840E90 /* Frameworks */ = {
			isa = PBXFrameworksBuildPhase;
			buildActionMask = 2147483647;
			files = (
			);
			runOnlyForDeploymentPostprocessing = 0;
		};
/* End PBXFrameworksBuildPhase section */

/* Begin PBXGroup section */
		BB66B8712AF03F4A00840E90 = {
			isa = PBXGroup;
			children = (
				BB66B87C2AF03F4A00840E90 /* MiniChallenge4 */,
				BB66B88D2AF03F4B00840E90 /* MiniChallenge4Tests */,
				BB66B8972AF03F4B00840E90 /* MiniChallenge4UITests */,
				BB66B87B2AF03F4A00840E90 /* Products */,
			);
			sourceTree = "<group>";
		};
		BB66B87B2AF03F4A00840E90 /* Products */ = {
			isa = PBXGroup;
			children = (
				BB66B87A2AF03F4A00840E90 /* MiniChallenge4.app */,
				BB66B88A2AF03F4B00840E90 /* MiniChallenge4Tests.xctest */,
				BB66B8942AF03F4B00840E90 /* MiniChallenge4UITests.xctest */,
			);
			name = Products;
			sourceTree = "<group>";
		};
		BB66B87C2AF03F4A00840E90 /* MiniChallenge4 */ = {
			isa = PBXGroup;
			children = (
				BB66B8A72AF0417600840E90 /* Code */,
				BB66B8A82AF0417D00840E90 /* Resources */,
				BB66B8A92AF0418400840E90 /* SupportingFiles */,
				BB66B8832AF03F4B00840E90 /* Preview Content */,
			);
			path = MiniChallenge4;
			sourceTree = "<group>";
		};
		BB66B8832AF03F4B00840E90 /* Preview Content */ = {
			isa = PBXGroup;
			children = (
				BB66B8842AF03F4B00840E90 /* Preview Assets.xcassets */,
			);
			path = "Preview Content";
			sourceTree = "<group>";
		};
		BB66B88D2AF03F4B00840E90 /* MiniChallenge4Tests */ = {
			isa = PBXGroup;
			children = (
				BB66B88E2AF03F4B00840E90 /* MiniChallenge4Tests.swift */,
			);
			path = MiniChallenge4Tests;
			sourceTree = "<group>";
		};
		BB66B8972AF03F4B00840E90 /* MiniChallenge4UITests */ = {
			isa = PBXGroup;
			children = (
				BB66B8982AF03F4B00840E90 /* MiniChallenge4UITests.swift */,
				BB66B89A2AF03F4B00840E90 /* MiniChallenge4UITestsLaunchTests.swift */,
			);
			path = MiniChallenge4UITests;
			sourceTree = "<group>";
		};
		BB66B8A72AF0417600840E90 /* Code */ = {
			isa = PBXGroup;
			children = (
				BB66B8AA2AF0419F00840E90 /* Features */,
				BB66B8AB2AF041AB00840E90 /* Utils */,
			);
			path = Code;
			sourceTree = "<group>";
		};
		BB66B8A82AF0417D00840E90 /* Resources */ = {
			isa = PBXGroup;
			children = (
				BB66B8CF2AF1BF2C00840E90 /* senac_map.json */,
				BB66B8812AF03F4B00840E90 /* Assets.xcassets */,
			);
			path = Resources;
			sourceTree = "<group>";
		};
		BB66B8A92AF0418400840E90 /* SupportingFiles */ = {
			isa = PBXGroup;
			children = (
				BB66B87D2AF03F4A00840E90 /* MiniChallenge4App.swift */,
			);
			path = SupportingFiles;
			sourceTree = "<group>";
		};
		BB66B8AA2AF0419F00840E90 /* Features */ = {
			isa = PBXGroup;
			children = (
				BB66B8CD2AF1BE8700840E90 /* Common */,
				BB66B8C22AF1BC3200840E90 /* ChoosingDestiny */,
			);
			path = Features;
			sourceTree = "<group>";
		};
		BB66B8AB2AF041AB00840E90 /* Utils */ = {
			isa = PBXGroup;
			children = (
			);
			path = Utils;
			sourceTree = "<group>";
		};
		BB66B8C22AF1BC3200840E90 /* ChoosingDestiny */ = {
			isa = PBXGroup;
			children = (
				BB66B8C42AF1BC4600840E90 /* Model */,
				BB66B8D12AF1BF6F00840E90 /* View */,
				BB66B8C32AF1BC4100840E90 /* ViewModel */,
			);
			path = ChoosingDestiny;
			sourceTree = "<group>";
		};
		BB66B8C32AF1BC4100840E90 /* ViewModel */ = {
			isa = PBXGroup;
			children = (
				BB66B8CB2AF1BD0C00840E90 /* SenacMapViewModel.swift */,
			);
			path = ViewModel;
			sourceTree = "<group>";
		};
		BB66B8C42AF1BC4600840E90 /* Model */ = {
			isa = PBXGroup;
			children = (
				BB66B8C52AF1BC5500840E90 /* SenacPlaceModel.swift */,
				BB66B8C72AF1BC5C00840E90 /* WardModel.swift */,
				BB66B8C92AF1BC6300840E90 /* ClassroomModel.swift */,
			);
			path = Model;
			sourceTree = "<group>";
		};
		BB66B8CD2AF1BE8700840E90 /* Common */ = {
			isa = PBXGroup;
			children = (
				BB66B8CE2AF1BE8C00840E90 /* View */,
			);
			path = Common;
			sourceTree = "<group>";
		};
		BB66B8CE2AF1BE8C00840E90 /* View */ = {
			isa = PBXGroup;
			children = (
				BB66B87F2AF03F4A00840E90 /* ContentView.swift */,
			);
			path = View;
			sourceTree = "<group>";
		};
		BB66B8D12AF1BF6F00840E90 /* View */ = {
			isa = PBXGroup;
			children = (
			);
			path = View;
			sourceTree = "<group>";
		};
/* End PBXGroup section */

/* Begin PBXNativeTarget section */
		BB66B8792AF03F4A00840E90 /* MiniChallenge4 */ = {
			isa = PBXNativeTarget;
			buildConfigurationList = BB66B89E2AF03F4B00840E90 /* Build configuration list for PBXNativeTarget "MiniChallenge4" */;
			buildPhases = (
				BB66B8762AF03F4A00840E90 /* Sources */,
				BB66B8772AF03F4A00840E90 /* Frameworks */,
				BB66B8782AF03F4A00840E90 /* Resources */,
			);
			buildRules = (
			);
			dependencies = (
			);
			name = MiniChallenge4;
			productName = MiniChallenge4;
			productReference = BB66B87A2AF03F4A00840E90 /* MiniChallenge4.app */;
			productType = "com.apple.product-type.application";
		};
		BB66B8892AF03F4B00840E90 /* MiniChallenge4Tests */ = {
			isa = PBXNativeTarget;
			buildConfigurationList = BB66B8A12AF03F4B00840E90 /* Build configuration list for PBXNativeTarget "MiniChallenge4Tests" */;
			buildPhases = (
				BB66B8862AF03F4B00840E90 /* Sources */,
				BB66B8872AF03F4B00840E90 /* Frameworks */,
				BB66B8882AF03F4B00840E90 /* Resources */,
			);
			buildRules = (
			);
			dependencies = (
				BB66B88C2AF03F4B00840E90 /* PBXTargetDependency */,
			);
			name = MiniChallenge4Tests;
			productName = MiniChallenge4Tests;
			productReference = BB66B88A2AF03F4B00840E90 /* MiniChallenge4Tests.xctest */;
			productType = "com.apple.product-type.bundle.unit-test";
		};
		BB66B8932AF03F4B00840E90 /* MiniChallenge4UITests */ = {
			isa = PBXNativeTarget;
			buildConfigurationList = BB66B8A42AF03F4B00840E90 /* Build configuration list for PBXNativeTarget "MiniChallenge4UITests" */;
			buildPhases = (
				BB66B8902AF03F4B00840E90 /* Sources */,
				BB66B8912AF03F4B00840E90 /* Frameworks */,
				BB66B8922AF03F4B00840E90 /* Resources */,
			);
			buildRules = (
			);
			dependencies = (
				BB66B8962AF03F4B00840E90 /* PBXTargetDependency */,
			);
			name = MiniChallenge4UITests;
			productName = MiniChallenge4UITests;
			productReference = BB66B8942AF03F4B00840E90 /* MiniChallenge4UITests.xctest */;
			productType = "com.apple.product-type.bundle.ui-testing";
		};
/* End PBXNativeTarget section */

/* Begin PBXProject section */
		BB66B8722AF03F4A00840E90 /* Project object */ = {
			isa = PBXProject;
			attributes = {
				BuildIndependentTargetsInParallel = 1;
				LastSwiftUpdateCheck = 1500;
				LastUpgradeCheck = 1500;
				TargetAttributes = {
					BB66B8792AF03F4A00840E90 = {
						CreatedOnToolsVersion = 15.0;
					};
					BB66B8892AF03F4B00840E90 = {
						CreatedOnToolsVersion = 15.0;
						TestTargetID = BB66B8792AF03F4A00840E90;
					};
					BB66B8932AF03F4B00840E90 = {
						CreatedOnToolsVersion = 15.0;
						TestTargetID = BB66B8792AF03F4A00840E90;
					};
				};
			};
			buildConfigurationList = BB66B8752AF03F4A00840E90 /* Build configuration list for PBXProject "MiniChallenge4" */;
			compatibilityVersion = "Xcode 14.0";
			developmentRegion = en;
			hasScannedForEncodings = 0;
			knownRegions = (
				en,
				Base,
			);
			mainGroup = BB66B8712AF03F4A00840E90;
			productRefGroup = BB66B87B2AF03F4A00840E90 /* Products */;
			projectDirPath = "";
			projectRoot = "";
			targets = (
				BB66B8792AF03F4A00840E90 /* MiniChallenge4 */,
				BB66B8892AF03F4B00840E90 /* MiniChallenge4Tests */,
				BB66B8932AF03F4B00840E90 /* MiniChallenge4UITests */,
			);
		};
/* End PBXProject section */

/* Begin PBXResourcesBuildPhase section */
		BB66B8782AF03F4A00840E90 /* Resources */ = {
			isa = PBXResourcesBuildPhase;
			buildActionMask = 2147483647;
			files = (
				BB66B8D02AF1BF2C00840E90 /* senac_map.json in Resources */,
				BB66B8852AF03F4B00840E90 /* Preview Assets.xcassets in Resources */,
				BB66B8822AF03F4B00840E90 /* Assets.xcassets in Resources */,
			);
			runOnlyForDeploymentPostprocessing = 0;
		};
		BB66B8882AF03F4B00840E90 /* Resources */ = {
			isa = PBXResourcesBuildPhase;
			buildActionMask = 2147483647;
			files = (
			);
			runOnlyForDeploymentPostprocessing = 0;
		};
		BB66B8922AF03F4B00840E90 /* Resources */ = {
			isa = PBXResourcesBuildPhase;
			buildActionMask = 2147483647;
			files = (
			);
			runOnlyForDeploymentPostprocessing = 0;
		};
/* End PBXResourcesBuildPhase section */

/* Begin PBXSourcesBuildPhase section */
		BB66B8762AF03F4A00840E90 /* Sources */ = {
			isa = PBXSourcesBuildPhase;
			buildActionMask = 2147483647;
			files = (
				BB66B8802AF03F4A00840E90 /* ContentView.swift in Sources */,
				BB66B8C82AF1BC5C00840E90 /* WardModel.swift in Sources */,
				BB66B87E2AF03F4A00840E90 /* MiniChallenge4App.swift in Sources */,
				BB66B8C62AF1BC5500840E90 /* SenacPlaceModel.swift in Sources */,
				BB66B8CC2AF1BD0C00840E90 /* SenacMapViewModel.swift in Sources */,
				BB66B8CA2AF1BC6300840E90 /* ClassroomModel.swift in Sources */,
			);
			runOnlyForDeploymentPostprocessing = 0;
		};
		BB66B8862AF03F4B00840E90 /* Sources */ = {
			isa = PBXSourcesBuildPhase;
			buildActionMask = 2147483647;
			files = (
				BB66B88F2AF03F4B00840E90 /* MiniChallenge4Tests.swift in Sources */,
			);
			runOnlyForDeploymentPostprocessing = 0;
		};
		BB66B8902AF03F4B00840E90 /* Sources */ = {
			isa = PBXSourcesBuildPhase;
			buildActionMask = 2147483647;
			files = (
				BB66B89B2AF03F4B00840E90 /* MiniChallenge4UITestsLaunchTests.swift in Sources */,
				BB66B8992AF03F4B00840E90 /* MiniChallenge4UITests.swift in Sources */,
			);
			runOnlyForDeploymentPostprocessing = 0;
		};
/* End PBXSourcesBuildPhase section */

/* Begin PBXTargetDependency section */
		BB66B88C2AF03F4B00840E90 /* PBXTargetDependency */ = {
			isa = PBXTargetDependency;
			target = BB66B8792AF03F4A00840E90 /* MiniChallenge4 */;
			targetProxy = BB66B88B2AF03F4B00840E90 /* PBXContainerItemProxy */;
		};
		BB66B8962AF03F4B00840E90 /* PBXTargetDependency */ = {
			isa = PBXTargetDependency;
			target = BB66B8792AF03F4A00840E90 /* MiniChallenge4 */;
			targetProxy = BB66B8952AF03F4B00840E90 /* PBXContainerItemProxy */;
		};
/* End PBXTargetDependency section */

/* Begin XCBuildConfiguration section */
		BB66B89C2AF03F4B00840E90 /* Debug */ = {
			isa = XCBuildConfiguration;
			buildSettings = {
				ALWAYS_SEARCH_USER_PATHS = NO;
				ASSETCATALOG_COMPILER_GENERATE_SWIFT_ASSET_SYMBOL_EXTENSIONS = YES;
				CLANG_ANALYZER_NONNULL = YES;
				CLANG_ANALYZER_NUMBER_OBJECT_CONVERSION = YES_AGGRESSIVE;
				CLANG_CXX_LANGUAGE_STANDARD = "gnu++20";
				CLANG_ENABLE_MODULES = YES;
				CLANG_ENABLE_OBJC_ARC = YES;
				CLANG_ENABLE_OBJC_WEAK = YES;
				CLANG_WARN_BLOCK_CAPTURE_AUTORELEASING = YES;
				CLANG_WARN_BOOL_CONVERSION = YES;
				CLANG_WARN_COMMA = YES;
				CLANG_WARN_CONSTANT_CONVERSION = YES;
				CLANG_WARN_DEPRECATED_OBJC_IMPLEMENTATIONS = YES;
				CLANG_WARN_DIRECT_OBJC_ISA_USAGE = YES_ERROR;
				CLANG_WARN_DOCUMENTATION_COMMENTS = YES;
				CLANG_WARN_EMPTY_BODY = YES;
				CLANG_WARN_ENUM_CONVERSION = YES;
				CLANG_WARN_INFINITE_RECURSION = YES;
				CLANG_WARN_INT_CONVERSION = YES;
				CLANG_WARN_NON_LITERAL_NULL_CONVERSION = YES;
				CLANG_WARN_OBJC_IMPLICIT_RETAIN_SELF = YES;
				CLANG_WARN_OBJC_LITERAL_CONVERSION = YES;
				CLANG_WARN_OBJC_ROOT_CLASS = YES_ERROR;
				CLANG_WARN_QUOTED_INCLUDE_IN_FRAMEWORK_HEADER = YES;
				CLANG_WARN_RANGE_LOOP_ANALYSIS = YES;
				CLANG_WARN_STRICT_PROTOTYPES = YES;
				CLANG_WARN_SUSPICIOUS_MOVE = YES;
				CLANG_WARN_UNGUARDED_AVAILABILITY = YES_AGGRESSIVE;
				CLANG_WARN_UNREACHABLE_CODE = YES;
				CLANG_WARN__DUPLICATE_METHOD_MATCH = YES;
				COPY_PHASE_STRIP = NO;
				DEBUG_INFORMATION_FORMAT = dwarf;
				ENABLE_STRICT_OBJC_MSGSEND = YES;
				ENABLE_TESTABILITY = YES;
				ENABLE_USER_SCRIPT_SANDBOXING = YES;
				GCC_C_LANGUAGE_STANDARD = gnu17;
				GCC_DYNAMIC_NO_PIC = NO;
				GCC_NO_COMMON_BLOCKS = YES;
				GCC_OPTIMIZATION_LEVEL = 0;
				GCC_PREPROCESSOR_DEFINITIONS = (
					"DEBUG=1",
					"$(inherited)",
				);
				GCC_WARN_64_TO_32_BIT_CONVERSION = YES;
				GCC_WARN_ABOUT_RETURN_TYPE = YES_ERROR;
				GCC_WARN_UNDECLARED_SELECTOR = YES;
				GCC_WARN_UNINITIALIZED_AUTOS = YES_AGGRESSIVE;
				GCC_WARN_UNUSED_FUNCTION = YES;
				GCC_WARN_UNUSED_VARIABLE = YES;
				IPHONEOS_DEPLOYMENT_TARGET = 17.0;
				LOCALIZATION_PREFERS_STRING_CATALOGS = YES;
				MTL_ENABLE_DEBUG_INFO = INCLUDE_SOURCE;
				MTL_FAST_MATH = YES;
				ONLY_ACTIVE_ARCH = YES;
				SDKROOT = iphoneos;
				SWIFT_ACTIVE_COMPILATION_CONDITIONS = "DEBUG $(inherited)";
				SWIFT_OPTIMIZATION_LEVEL = "-Onone";
			};
			name = Debug;
		};
		BB66B89D2AF03F4B00840E90 /* Release */ = {
			isa = XCBuildConfiguration;
			buildSettings = {
				ALWAYS_SEARCH_USER_PATHS = NO;
				ASSETCATALOG_COMPILER_GENERATE_SWIFT_ASSET_SYMBOL_EXTENSIONS = YES;
				CLANG_ANALYZER_NONNULL = YES;
				CLANG_ANALYZER_NUMBER_OBJECT_CONVERSION = YES_AGGRESSIVE;
				CLANG_CXX_LANGUAGE_STANDARD = "gnu++20";
				CLANG_ENABLE_MODULES = YES;
				CLANG_ENABLE_OBJC_ARC = YES;
				CLANG_ENABLE_OBJC_WEAK = YES;
				CLANG_WARN_BLOCK_CAPTURE_AUTORELEASING = YES;
				CLANG_WARN_BOOL_CONVERSION = YES;
				CLANG_WARN_COMMA = YES;
				CLANG_WARN_CONSTANT_CONVERSION = YES;
				CLANG_WARN_DEPRECATED_OBJC_IMPLEMENTATIONS = YES;
				CLANG_WARN_DIRECT_OBJC_ISA_USAGE = YES_ERROR;
				CLANG_WARN_DOCUMENTATION_COMMENTS = YES;
				CLANG_WARN_EMPTY_BODY = YES;
				CLANG_WARN_ENUM_CONVERSION = YES;
				CLANG_WARN_INFINITE_RECURSION = YES;
				CLANG_WARN_INT_CONVERSION = YES;
				CLANG_WARN_NON_LITERAL_NULL_CONVERSION = YES;
				CLANG_WARN_OBJC_IMPLICIT_RETAIN_SELF = YES;
				CLANG_WARN_OBJC_LITERAL_CONVERSION = YES;
				CLANG_WARN_OBJC_ROOT_CLASS = YES_ERROR;
				CLANG_WARN_QUOTED_INCLUDE_IN_FRAMEWORK_HEADER = YES;
				CLANG_WARN_RANGE_LOOP_ANALYSIS = YES;
				CLANG_WARN_STRICT_PROTOTYPES = YES;
				CLANG_WARN_SUSPICIOUS_MOVE = YES;
				CLANG_WARN_UNGUARDED_AVAILABILITY = YES_AGGRESSIVE;
				CLANG_WARN_UNREACHABLE_CODE = YES;
				CLANG_WARN__DUPLICATE_METHOD_MATCH = YES;
				COPY_PHASE_STRIP = NO;
				DEBUG_INFORMATION_FORMAT = "dwarf-with-dsym";
				ENABLE_NS_ASSERTIONS = NO;
				ENABLE_STRICT_OBJC_MSGSEND = YES;
				ENABLE_USER_SCRIPT_SANDBOXING = YES;
				GCC_C_LANGUAGE_STANDARD = gnu17;
				GCC_NO_COMMON_BLOCKS = YES;
				GCC_WARN_64_TO_32_BIT_CONVERSION = YES;
				GCC_WARN_ABOUT_RETURN_TYPE = YES_ERROR;
				GCC_WARN_UNDECLARED_SELECTOR = YES;
				GCC_WARN_UNINITIALIZED_AUTOS = YES_AGGRESSIVE;
				GCC_WARN_UNUSED_FUNCTION = YES;
				GCC_WARN_UNUSED_VARIABLE = YES;
				IPHONEOS_DEPLOYMENT_TARGET = 17.0;
				LOCALIZATION_PREFERS_STRING_CATALOGS = YES;
				MTL_ENABLE_DEBUG_INFO = NO;
				MTL_FAST_MATH = YES;
				SDKROOT = iphoneos;
				SWIFT_COMPILATION_MODE = wholemodule;
				VALIDATE_PRODUCT = YES;
			};
			name = Release;
		};
		BB66B89F2AF03F4B00840E90 /* Debug */ = {
			isa = XCBuildConfiguration;
			buildSettings = {
				ASSETCATALOG_COMPILER_APPICON_NAME = AppIcon;
				ASSETCATALOG_COMPILER_GLOBAL_ACCENT_COLOR_NAME = AccentColor;
				CODE_SIGN_STYLE = Automatic;
				CURRENT_PROJECT_VERSION = 1;
				DEVELOPMENT_ASSET_PATHS = "\"MiniChallenge4/Preview Content\"";
				DEVELOPMENT_TEAM = UFS93RKF34;
				ENABLE_PREVIEWS = YES;
				GENERATE_INFOPLIST_FILE = YES;
				INFOPLIST_KEY_UIApplicationSceneManifest_Generation = YES;
				INFOPLIST_KEY_UIApplicationSupportsIndirectInputEvents = YES;
				INFOPLIST_KEY_UILaunchScreen_Generation = YES;
				INFOPLIST_KEY_UISupportedInterfaceOrientations_iPad = "UIInterfaceOrientationPortrait UIInterfaceOrientationPortraitUpsideDown UIInterfaceOrientationLandscapeLeft UIInterfaceOrientationLandscapeRight";
				INFOPLIST_KEY_UISupportedInterfaceOrientations_iPhone = "UIInterfaceOrientationPortrait UIInterfaceOrientationLandscapeLeft UIInterfaceOrientationLandscapeRight";
				LD_RUNPATH_SEARCH_PATHS = (
					"$(inherited)",
					"@executable_path/Frameworks",
				);
				MARKETING_VERSION = 1.0;
				PRODUCT_BUNDLE_IDENTIFIER = com.phsouza.MiniChallenge4;
				PRODUCT_NAME = "$(TARGET_NAME)";
				SWIFT_EMIT_LOC_STRINGS = YES;
				SWIFT_VERSION = 5.0;
				TARGETED_DEVICE_FAMILY = "1,2";
			};
			name = Debug;
		};
		BB66B8A02AF03F4B00840E90 /* Release */ = {
			isa = XCBuildConfiguration;
			buildSettings = {
				ASSETCATALOG_COMPILER_APPICON_NAME = AppIcon;
				ASSETCATALOG_COMPILER_GLOBAL_ACCENT_COLOR_NAME = AccentColor;
				CODE_SIGN_STYLE = Automatic;
				CURRENT_PROJECT_VERSION = 1;
				DEVELOPMENT_ASSET_PATHS = "\"MiniChallenge4/Preview Content\"";
				DEVELOPMENT_TEAM = UFS93RKF34;
				ENABLE_PREVIEWS = YES;
				GENERATE_INFOPLIST_FILE = YES;
				INFOPLIST_KEY_UIApplicationSceneManifest_Generation = YES;
				INFOPLIST_KEY_UIApplicationSupportsIndirectInputEvents = YES;
				INFOPLIST_KEY_UILaunchScreen_Generation = YES;
				INFOPLIST_KEY_UISupportedInterfaceOrientations_iPad = "UIInterfaceOrientationPortrait UIInterfaceOrientationPortraitUpsideDown UIInterfaceOrientationLandscapeLeft UIInterfaceOrientationLandscapeRight";
				INFOPLIST_KEY_UISupportedInterfaceOrientations_iPhone = "UIInterfaceOrientationPortrait UIInterfaceOrientationLandscapeLeft UIInterfaceOrientationLandscapeRight";
				LD_RUNPATH_SEARCH_PATHS = (
					"$(inherited)",
					"@executable_path/Frameworks",
				);
				MARKETING_VERSION = 1.0;
				PRODUCT_BUNDLE_IDENTIFIER = com.phsouza.MiniChallenge4;
				PRODUCT_NAME = "$(TARGET_NAME)";
				SWIFT_EMIT_LOC_STRINGS = YES;
				SWIFT_VERSION = 5.0;
				TARGETED_DEVICE_FAMILY = "1,2";
			};
			name = Release;
		};
		BB66B8A22AF03F4B00840E90 /* Debug */ = {
			isa = XCBuildConfiguration;
			buildSettings = {
				ALWAYS_EMBED_SWIFT_STANDARD_LIBRARIES = YES;
				BUNDLE_LOADER = "$(TEST_HOST)";
				CODE_SIGN_STYLE = Automatic;
				CURRENT_PROJECT_VERSION = 1;
				DEVELOPMENT_TEAM = UFS93RKF34;
				GENERATE_INFOPLIST_FILE = YES;
				IPHONEOS_DEPLOYMENT_TARGET = 17.0;
				MARKETING_VERSION = 1.0;
				PRODUCT_BUNDLE_IDENTIFIER = com.phsouza.MiniChallenge4Tests;
				PRODUCT_NAME = "$(TARGET_NAME)";
				SWIFT_EMIT_LOC_STRINGS = NO;
				SWIFT_VERSION = 5.0;
				TARGETED_DEVICE_FAMILY = "1,2";
				TEST_HOST = "$(BUILT_PRODUCTS_DIR)/MiniChallenge4.app/$(BUNDLE_EXECUTABLE_FOLDER_PATH)/MiniChallenge4";
			};
			name = Debug;
		};
		BB66B8A32AF03F4B00840E90 /* Release */ = {
			isa = XCBuildConfiguration;
			buildSettings = {
				ALWAYS_EMBED_SWIFT_STANDARD_LIBRARIES = YES;
				BUNDLE_LOADER = "$(TEST_HOST)";
				CODE_SIGN_STYLE = Automatic;
				CURRENT_PROJECT_VERSION = 1;
				DEVELOPMENT_TEAM = UFS93RKF34;
				GENERATE_INFOPLIST_FILE = YES;
				IPHONEOS_DEPLOYMENT_TARGET = 17.0;
				MARKETING_VERSION = 1.0;
				PRODUCT_BUNDLE_IDENTIFIER = com.phsouza.MiniChallenge4Tests;
				PRODUCT_NAME = "$(TARGET_NAME)";
				SWIFT_EMIT_LOC_STRINGS = NO;
				SWIFT_VERSION = 5.0;
				TARGETED_DEVICE_FAMILY = "1,2";
				TEST_HOST = "$(BUILT_PRODUCTS_DIR)/MiniChallenge4.app/$(BUNDLE_EXECUTABLE_FOLDER_PATH)/MiniChallenge4";
			};
			name = Release;
		};
		BB66B8A52AF03F4B00840E90 /* Debug */ = {
			isa = XCBuildConfiguration;
			buildSettings = {
				ALWAYS_EMBED_SWIFT_STANDARD_LIBRARIES = YES;
				CODE_SIGN_STYLE = Automatic;
				CURRENT_PROJECT_VERSION = 1;
				DEVELOPMENT_TEAM = UFS93RKF34;
				GENERATE_INFOPLIST_FILE = YES;
				MARKETING_VERSION = 1.0;
				PRODUCT_BUNDLE_IDENTIFIER = com.phsouza.MiniChallenge4UITests;
				PRODUCT_NAME = "$(TARGET_NAME)";
				SWIFT_EMIT_LOC_STRINGS = NO;
				SWIFT_VERSION = 5.0;
				TARGETED_DEVICE_FAMILY = "1,2";
				TEST_TARGET_NAME = MiniChallenge4;
			};
			name = Debug;
		};
		BB66B8A62AF03F4B00840E90 /* Release */ = {
			isa = XCBuildConfiguration;
			buildSettings = {
				ALWAYS_EMBED_SWIFT_STANDARD_LIBRARIES = YES;
				CODE_SIGN_STYLE = Automatic;
				CURRENT_PROJECT_VERSION = 1;
				DEVELOPMENT_TEAM = UFS93RKF34;
				GENERATE_INFOPLIST_FILE = YES;
				MARKETING_VERSION = 1.0;
				PRODUCT_BUNDLE_IDENTIFIER = com.phsouza.MiniChallenge4UITests;
				PRODUCT_NAME = "$(TARGET_NAME)";
				SWIFT_EMIT_LOC_STRINGS = NO;
				SWIFT_VERSION = 5.0;
				TARGETED_DEVICE_FAMILY = "1,2";
				TEST_TARGET_NAME = MiniChallenge4;
			};
			name = Release;
		};
/* End XCBuildConfiguration section */

/* Begin XCConfigurationList section */
		BB66B8752AF03F4A00840E90 /* Build configuration list for PBXProject "MiniChallenge4" */ = {
			isa = XCConfigurationList;
			buildConfigurations = (
				BB66B89C2AF03F4B00840E90 /* Debug */,
				BB66B89D2AF03F4B00840E90 /* Release */,
			);
			defaultConfigurationIsVisible = 0;
			defaultConfigurationName = Release;
		};
		BB66B89E2AF03F4B00840E90 /* Build configuration list for PBXNativeTarget "MiniChallenge4" */ = {
			isa = XCConfigurationList;
			buildConfigurations = (
				BB66B89F2AF03F4B00840E90 /* Debug */,
				BB66B8A02AF03F4B00840E90 /* Release */,
			);
			defaultConfigurationIsVisible = 0;
			defaultConfigurationName = Release;
		};
		BB66B8A12AF03F4B00840E90 /* Build configuration list for PBXNativeTarget "MiniChallenge4Tests" */ = {
			isa = XCConfigurationList;
			buildConfigurations = (
				BB66B8A22AF03F4B00840E90 /* Debug */,
				BB66B8A32AF03F4B00840E90 /* Release */,
			);
			defaultConfigurationIsVisible = 0;
			defaultConfigurationName = Release;
		};
		BB66B8A42AF03F4B00840E90 /* Build configuration list for PBXNativeTarget "MiniChallenge4UITests" */ = {
			isa = XCConfigurationList;
			buildConfigurations = (
				BB66B8A52AF03F4B00840E90 /* Debug */,
				BB66B8A62AF03F4B00840E90 /* Release */,
			);
			defaultConfigurationIsVisible = 0;
			defaultConfigurationName = Release;
		};
/* End XCConfigurationList section */
	};
	rootObject = BB66B8722AF03F4A00840E90 /* Project object */;
}
